# Generated by pub
# See http://pub.dartlang.org/doc/glossary.html#lockfile

{"packages":{"logging":{"version":"0.5.9","source":"hosted","description":"logging"},"siege_engine":{"version":"0.1.0","source":"path","description":{"relative":false,"path":"/home/hhaapala/dart/siege_engine"}},"space_shared":{"version":"0.1.0","source":"path","description":{"relative":false,"path":"/home/hhaapala/dart/space_shared"}}}}
