# Generated by pub
# See http://pub.dartlang.org/doc/glossary.html#lockfile
packages:
  json_object:
    description: json_object
    source: hosted
    version: "1.0.15+2"
  logging:
    description: logging
    source: hosted
    version: "0.5.9"
  meta:
    description: meta
    source: hosted
    version: "0.5.11+1"
  siege_engine:
    description:
      ref: null
      resolved-ref: b344e8e6d625a517faa0a3e3c35643b477d854dd
      url: "git://github.com/Absor/siege_engine.git"
    source: git
    version: "0.1.0"
  space_shared:
    description:
      ref: null
      resolved-ref: aade79cf57042cddf1e7fe1bd73d5a1cfdfc0727
      url: "git://github.com/Absor/space_shared.git"
    source: git
    version: "0.1.0"
