# Generated by pub
# See http://pub.dartlang.org/doc/glossary.html#lockfile
packages:
  logging:
    description: logging
    source: hosted
    version: "0.5.9"
  siege_engine:
    description:
      ref: null
      resolved-ref: b344e8e6d625a517faa0a3e3c35643b477d854dd
      url: "git://github.com/Absor/siege_engine.git"
    source: git
    version: "0.1.0"
  space_shared:
    description:
      ref: null
      resolved-ref: c28f5bfc8725c40d35884f04b9aa7cba927e935b
      url: "git://github.com/Absor/space_shared.git"
    source: git
    version: "0.1.0"
